hash: 9afe91839785e89880061fd2919b0a5cdb10d6f4c06b344c2924eeed0c9bfd65
updated: 2016-11-29T12:31:19.234235928-06:00
imports:
- name: github.com/boltdb/bolt
  version: 4b1ebc1869ad66568b313d0dc410e2be72670dda
- name: github.com/BurntSushi/toml
  version: 99064174e013895bbd9b025c31100bd1d9b590ca
- name: github.com/DataDog/datadog-go
  version: 909c02b65dd8a52e8fa6072db9752a112227cf21
  subpackages:
  - statsd
- name: github.com/davecgh/go-spew
  version: 346938d642f2ec3594ed81d874461961cd0faa76
  subpackages:
  - spew
- name: github.com/gogo/protobuf
  version: a9cd0c35b97daf74d0ebf3514c5254814b2703b4
  subpackages:
  - proto
- name: github.com/golang/groupcache
  version: a6b377e3400b08991b80d6805d627f347f983866
  subpackages:
  - lru
- name: golang.org/x/sys
  version: c200b10b5d5e122be351b67af224adc6128af5bf
  subpackages:
  - unix
testImports: []
