# This file is autogenerated, do not edit; changes may be undone by the next 'dep ensure'.


[[projects]]
  name = "github.com/BurntSushi/toml"
  packages = ["."]
  revision = "99064174e013895bbd9b025c31100bd1d9b590ca"

[[projects]]
  branch = "master"
  name = "github.com/CAFxX/gcnotifier"
  packages = ["."]
  revision = "adea3e70515666981da25214a7d3e377e4841c22"

[[projects]]
  name = "github.com/DataDog/datadog-go"
  packages = ["statsd"]
  revision = "909c02b65dd8a52e8fa6072db9752a112227cf21"
  version = "1.0.0"

[[projects]]
  name = "github.com/armon/go-metrics"
  packages = ["."]
  revision = "97c69685293dce4c0a2d0b19535179bbc976e4d2"

[[projects]]
  name = "github.com/boltdb/bolt"
  packages = ["."]
  revision = "4b1ebc1869ad66568b313d0dc410e2be72670dda"

[[projects]]
  name = "github.com/davecgh/go-spew"
  packages = ["spew"]
  revision = "346938d642f2ec3594ed81d874461961cd0faa76"
  version = "v1.1.0"

[[projects]]
  name = "github.com/fsnotify/fsnotify"
  packages = ["."]
  revision = "7d7316ed6e1ed2de075aab8dfc76de5d158d66e1"

[[projects]]
  name = "github.com/gogo/protobuf"
  packages = ["proto"]
  revision = "a9cd0c35b97daf74d0ebf3514c5254814b2703b4"

[[projects]]
  name = "github.com/golang/groupcache"
  packages = ["lru"]
  revision = "a6b377e3400b08991b80d6805d627f347f983866"

[[projects]]
  branch = "master"
  name = "github.com/golang/protobuf"
  packages = ["proto"]
  revision = "8ee79997227bf9b34611aee7946ae64735e6fd93"

[[projects]]
  branch = "master"
  name = "github.com/gorilla/context"
  packages = ["."]
  revision = "08b5f424b9271eedf6f9f0ce86cb9396ed337a42"

[[projects]]
  name = "github.com/gorilla/mux"
  packages = ["."]
  revision = "392c28fe23e1c45ddba891b0320b3b5df220beea"
  version = "v1.3.0"

[[projects]]
  branch = "master"
  name = "github.com/hashicorp/errwrap"
  packages = ["."]
  revision = "7554cd9344cec97297fa6649b055a8c98c2a1e55"

[[projects]]
  branch = "master"
  name = "github.com/hashicorp/go-msgpack"
  packages = ["codec"]
  revision = "fa3f63826f7c23912c15263591e65d54d080b458"

[[projects]]
  name = "github.com/hashicorp/go-multierror"
  packages = ["."]
  revision = "ed905158d87462226a13fe39ddf685ea65f1c11f"

[[projects]]
  name = "github.com/hashicorp/hcl"
  packages = [".","hcl/ast","hcl/parser","hcl/scanner","hcl/strconv","hcl/token","json/parser","json/scanner","json/token"]
  revision = "630949a3c5fa3c613328e1b8256052cbc2327c9b"

[[projects]]
  name = "github.com/hashicorp/memberlist"
  packages = ["."]
  revision = "9800c50ab79c002353852a9b1095e9591b161513"
  version = "v0.1.0"

[[projects]]
  branch = "master"
  name = "github.com/inconshreveable/mousetrap"
  packages = ["."]
  revision = "76626ae9c91c4f2a10f34cad8ce83ea42c93bb75"

[[projects]]
  name = "github.com/magiconair/properties"
  packages = ["."]
  revision = "b3b15ef068fd0b17ddf408a23669f20811d194d2"

[[projects]]
  name = "github.com/miekg/dns"
  packages = ["."]
  revision = "ca336a1f95a6b89be9c250df26c7a41742eb4a6f"

[[projects]]
  name = "github.com/mitchellh/mapstructure"
  packages = ["."]
  revision = "db1efb556f84b25a0a13a04aad883943538ad2e0"

[[projects]]
  name = "github.com/pelletier/go-buffruneio"
  packages = ["."]
  revision = "c37440a7cf42ac63b919c752ca73a85067e05992"
  version = "v0.2.0"

[[projects]]
  name = "github.com/pelletier/go-toml"
  packages = ["."]
  revision = "23f644976aa7c724adf4aec911dadf4af17840ab"

[[projects]]
  name = "github.com/rakyll/statik"
  packages = ["fs"]
  revision = "89fe3459b5c829c32e89bdff9c43f18aad728f2f"

[[projects]]
  branch = "master"
  name = "github.com/spf13/afero"
  packages = [".","mem"]
  revision = "9be650865eab0c12963d8753212f4f9c66cdcf12"

[[projects]]
  name = "github.com/spf13/cast"
  packages = ["."]
  revision = "4f1683a2242a92e62d6ff705a30e435cbf2b50a3"

[[projects]]
  branch = "master"
  name = "github.com/spf13/cobra"
  packages = ["."]
  revision = "fcd0c5a1df88f5d6784cb4feead962c3f3d0b66c"

[[projects]]
  name = "github.com/spf13/jwalterweatherman"
  packages = ["."]
  revision = "fa7ca7e836cf3a8bb4ebf799f472c12d7e903d66"

[[projects]]
  name = "github.com/spf13/pflag"
  packages = ["."]
  revision = "9ff6c6923cfffbcd502984b8e0c80539a94968b7"

[[projects]]
  branch = "master"
  name = "github.com/spf13/viper"
  packages = ["."]
  revision = "7538d73b4eb9511d85a9f1dfef202eeb8ac260f4"

[[projects]]
  name = "golang.org/x/net"
  packages = ["context"]
  revision = "60c41d1de8da134c05b7b40154a9a82bf5b7edb9"

[[projects]]
  branch = "master"
  name = "golang.org/x/sync"
  packages = ["errgroup"]
  revision = "450f422ab23cf9881c94e2db30cac0eb1b7cf80c"

[[projects]]
  name = "golang.org/x/sys"
  packages = ["unix"]
  revision = "c200b10b5d5e122be351b67af224adc6128af5bf"

[[projects]]
  name = "golang.org/x/text"
  packages = ["internal/gen","internal/triegen","internal/ucd","transform","unicode/cldr","unicode/norm"]
  revision = "5a42fa2464759cbb7ee0af9de00b54d69f09a29c"

[[projects]]
  name = "gopkg.in/yaml.v2"
  packages = ["."]
  revision = "a3f3340b5840cee44f372bddb5880fcbc419b46a"

[solve-meta]
  analyzer-name = "dep"
  analyzer-version = 1
  inputs-digest = "e8e78a7c61547d8f4d967c8deac9334b3151e7c10c4f7909e80758956e9c8204"
  solver-name = "gps-cdcl"
  solver-version = 1
