{
  "version": 4,
  "terraform_version": "1.1.2",
  "serial": 203,
  "lineage": "0f5e8a05-0e94-e86f-f384-26086bd40585",
  "outputs": {
    "cluster_prefix": {
      "value": "smoke-BzP3aSw62HwEPFS",
      "type": "string"
    },
    "data_node_ips": {
      "value": [
        "10.0.1.185"
      ],
      "type": [
        "tuple",
        [
          "string"
        ]
      ]
    },
    "fb_cluster_replica_count": {
      "value": 1,
      "type": "number"
    },
    "ingest_ips": {
      "value": [
        "3.144.237.6"
      ],
      "type": [
        "tuple",
        [
          "string"
        ]
      ]
    }
  },
  "resources": [
    {
      "module": "module.ci-cluster",
      "mode": "data",
      "type": "aws_ami",
      "name": "amazon_linux_2",
      "provider": "provider[\"registry.terraform.io/hashicorp/aws\"]",
      "instances": [
        {
          "schema_version": 0,
          "attributes": {
            "architecture": "arm64",
            "arn": "arn:aws:ec2:us-east-2::image/ami-0b09f36be67d32fff",
            "block_device_mappings": [
              {
                "device_name": "/dev/xvda",
                "ebs": {
                  "delete_on_termination": "true",
                  "encrypted": "false",
                  "iops": "0",
                  "snapshot_id": "snap-0617b00e90bae012b",
                  "throughput": "0",
                  "volume_size": "8",
                  "volume_type": "gp2"
                },
                "no_device": "",
                "virtual_name": ""
              }
            ],
            "creation_date": "2021-12-01T19:36:11.000Z",
            "description": "Amazon Linux 2 LTS Arm64 AMI 2.0.20211201.0 arm64 HVM gp2",
            "ena_support": true,
            "executable_users": null,
            "filter": [
              {
                "name": "architecture",
                "values": [
                  "arm64"
                ]
              },
              {
                "name": "name",
                "values": [
                  "amzn2-ami-hvm-*"
                ]
              },
              {
                "name": "virtualization-type",
                "values": [
                  "hvm"
                ]
              }
            ],
            "hypervisor": "xen",
            "id": "ami-0b09f36be67d32fff",
            "image_id": "ami-0b09f36be67d32fff",
            "image_location": "amazon/amzn2-ami-hvm-2.0.20211201.0-arm64-gp2",
            "image_owner_alias": "amazon",
            "image_type": "machine",
            "kernel_id": null,
            "most_recent": true,
            "name": "amzn2-ami-hvm-2.0.20211201.0-arm64-gp2",
            "name_regex": null,
            "owner_id": "137112412989",
            "owners": [
              "amazon"
            ],
            "platform": null,
            "platform_details": "Linux/UNIX",
            "product_codes": [],
            "public": true,
            "ramdisk_id": null,
            "root_device_name": "/dev/xvda",
            "root_device_type": "ebs",
            "root_snapshot_id": "snap-0617b00e90bae012b",
            "sriov_net_support": "simple",
            "state": "available",
            "state_reason": {
              "code": "UNSET",
              "message": "UNSET"
            },
            "tags": {},
            "usage_operation": "RunInstances",
            "virtualization_type": "hvm"
          },
          "sensitive_attributes": []
        }
      ]
    },
    {
      "module": "module.ci-cluster",
      "mode": "managed",
      "type": "aws_iam_instance_profile",
      "name": "fb_cluster_node_profile",
      "provider": "provider[\"registry.terraform.io/hashicorp/aws\"]",
      "instances": [
        {
          "schema_version": 0,
          "attributes": {
            "arn": "arn:aws:iam::977373308795:instance-profile/smoke-BzP3aSw62HwEPFS-fb_cluster_node_profile",
            "create_date": "2022-01-09T17:47:01Z",
            "id": "smoke-BzP3aSw62HwEPFS-fb_cluster_node_profile",
            "name": "smoke-BzP3aSw62HwEPFS-fb_cluster_node_profile",
            "name_prefix": null,
            "path": "/",
            "role": "smoke-BzP3aSw62HwEPFS-fb_cluster_node",
            "tags": null,
            "tags_all": {},
            "unique_id": "AIPA6HD75E55XTIU7KRKL"
          },
          "sensitive_attributes": [],
          "private": "bnVsbA==",
          "dependencies": [
            "module.ci-cluster.aws_iam_role.fb_cluster_node_role"
          ]
        }
      ]
    },
    {
      "module": "module.ci-cluster",
      "mode": "managed",
      "type": "aws_iam_role",
      "name": "fb_cluster_node_role",
      "provider": "provider[\"registry.terraform.io/hashicorp/aws\"]",
      "instances": [
        {
          "schema_version": 0,
          "attributes": {
            "arn": "arn:aws:iam::977373308795:role/smoke-BzP3aSw62HwEPFS-fb_cluster_node",
            "assume_role_policy": "{\"Version\":\"2012-10-17\",\"Statement\":[{\"Sid\":\"\",\"Effect\":\"Allow\",\"Principal\":{\"Service\":\"ec2.amazonaws.com\"},\"Action\":\"sts:AssumeRole\"}]}",
            "create_date": "2022-01-09T17:46:58Z",
            "description": "",
            "force_detach_policies": false,
            "id": "smoke-BzP3aSw62HwEPFS-fb_cluster_node",
            "inline_policy": [
              {
                "name": "ec2_read_all",
                "policy": "{\"Statement\":[{\"Action\":[\"ec2:Describe*\"],\"Effect\":\"Allow\",\"Resource\":\"*\"}],\"Version\":\"2012-10-17\"}"
              }
            ],
            "managed_policy_arns": [],
            "max_session_duration": 3600,
            "name": "smoke-BzP3aSw62HwEPFS-fb_cluster_node",
            "name_prefix": "",
            "path": "/",
            "permissions_boundary": null,
            "tags": null,
            "tags_all": {},
            "unique_id": "AROA6HD75E55YXA4Z4XK2"
          },
          "sensitive_attributes": [],
          "private": "bnVsbA=="
        }
      ]
    },
    {
      "module": "module.ci-cluster",
      "mode": "managed",
      "type": "aws_instance",
      "name": "fb_cluster_nodes",
      "provider": "provider[\"registry.terraform.io/hashicorp/aws\"]",
      "instances": [
        {
          "index_key": 0,
          "schema_version": 1,
          "attributes": {
            "ami": "ami-0b09f36be67d32fff",
            "arn": "arn:aws:ec2:us-east-2:977373308795:instance/i-077d0596e47712614",
            "associate_public_ip_address": false,
            "availability_zone": "us-east-2a",
            "capacity_reservation_specification": [
              {
                "capacity_reservation_preference": "open",
                "capacity_reservation_target": []
              }
            ],
            "cpu_core_count": 2,
            "cpu_threads_per_core": 1,
            "credit_specification": [],
            "disable_api_termination": false,
            "ebs_block_device": [
              {
                "delete_on_termination": true,
                "device_name": "/dev/sdb",
                "encrypted": false,
                "iops": 3000,
                "kms_key_id": "",
                "snapshot_id": "",
                "tags": {},
                "throughput": 125,
                "volume_id": "vol-05eb623ed8991e3ec",
                "volume_size": 100,
                "volume_type": "gp3"
              }
            ],
            "ebs_optimized": false,
            "enclave_options": [
              {
                "enabled": false
              }
            ],
            "ephemeral_block_device": [],
            "get_password_data": false,
            "hibernation": false,
            "host_id": null,
            "iam_instance_profile": "smoke-BzP3aSw62HwEPFS-fb_cluster_node_profile",
            "id": "i-077d0596e47712614",
            "instance_initiated_shutdown_behavior": "stop",
            "instance_state": "running",
            "instance_type": "m6g.large",
            "ipv6_address_count": 0,
            "ipv6_addresses": [],
            "key_name": "smoke-BzP3aSw62HwEPFS-gitlab-ci",
            "launch_template": [],
            "metadata_options": [
              {
                "http_endpoint": "enabled",
                "http_put_response_hop_limit": 1,
                "http_tokens": "optional"
              }
            ],
            "monitoring": true,
            "network_interface": [],
            "outpost_arn": "",
            "password_data": "",
            "placement_group": "",
            "placement_partition_number": null,
            "primary_network_interface_id": "eni-076ed20f66a9f3552",
            "private_dns": "ip-10-0-1-185.us-east-2.compute.internal",
            "private_ip": "10.0.1.185",
            "public_dns": "",
            "public_ip": "",
            "root_block_device": [
              {
                "delete_on_termination": true,
                "device_name": "/dev/xvda",
                "encrypted": false,
                "iops": 3000,
                "kms_key_id": "",
                "tags": null,
                "throughput": 125,
                "volume_id": "vol-03c02dd3fdafd0aa0",
                "volume_size": 20,
                "volume_type": "gp3"
              }
            ],
            "secondary_private_ips": [],
            "security_groups": [],
            "source_dest_check": true,
            "subnet_id": "subnet-050b1219d78f2db1b",
            "tags": {
              "Name": "smoke-BzP3aSw62HwEPFS-featurebase-cluster-0",
              "Prefix": "smoke-BzP3aSw62HwEPFS",
              "Role": "cluster_node"
            },
            "tags_all": {
              "Name": "smoke-BzP3aSw62HwEPFS-featurebase-cluster-0",
              "Prefix": "smoke-BzP3aSw62HwEPFS",
              "Role": "cluster_node"
            },
            "tenancy": "default",
            "timeouts": null,
            "user_data": null,
            "user_data_base64": null,
            "volume_tags": null,
            "vpc_security_group_ids": [
              "sg-06b14c4162509fb5f"
            ]
          },
          "sensitive_attributes": [],
          "private": "eyJlMmJmYjczMC1lY2FhLTExZTYtOGY4OC0zNDM2M2JjN2M0YzAiOnsiY3JlYXRlIjo2MDAwMDAwMDAwMDAsImRlbGV0ZSI6MTIwMDAwMDAwMDAwMCwidXBkYXRlIjo2MDAwMDAwMDAwMDB9LCJzY2hlbWFfdmVyc2lvbiI6IjEifQ==",
          "dependencies": [
            "module.ci-cluster.aws_iam_instance_profile.fb_cluster_node_profile",
            "module.ci-cluster.aws_iam_role.fb_cluster_node_role",
            "module.ci-cluster.aws_key_pair.gitlab-featurebase-ci",
            "module.ci-cluster.aws_security_group.featurebase",
            "module.ci-cluster.data.aws_ami.amazon_linux_2"
          ]
        }
      ]
    },
    {
      "module": "module.ci-cluster",
      "mode": "managed",
      "type": "aws_instance",
      "name": "fb_ingest",
      "provider": "provider[\"registry.terraform.io/hashicorp/aws\"]",
      "instances": [
        {
          "index_key": 0,
          "schema_version": 1,
          "attributes": {
            "ami": "ami-0b09f36be67d32fff",
            "arn": "arn:aws:ec2:us-east-2:977373308795:instance/i-0ca325881e8a1dd8a",
            "associate_public_ip_address": true,
            "availability_zone": "us-east-2a",
            "capacity_reservation_specification": [
              {
                "capacity_reservation_preference": "open",
                "capacity_reservation_target": []
              }
            ],
            "cpu_core_count": 8,
            "cpu_threads_per_core": 1,
            "credit_specification": [],
            "disable_api_termination": false,
            "ebs_block_device": [
              {
                "delete_on_termination": true,
                "device_name": "/dev/sdb",
                "encrypted": false,
                "iops": 3000,
                "kms_key_id": "",
                "snapshot_id": "",
                "tags": {},
                "throughput": 125,
                "volume_id": "vol-0803614106f4d6033",
                "volume_size": 100,
                "volume_type": "gp3"
              }
            ],
            "ebs_optimized": false,
            "enclave_options": [
              {
                "enabled": false
              }
            ],
            "ephemeral_block_device": [],
            "get_password_data": false,
            "hibernation": false,
            "host_id": null,
            "iam_instance_profile": "smoke-BzP3aSw62HwEPFS-fb_cluster_node_profile",
            "id": "i-0ca325881e8a1dd8a",
            "instance_initiated_shutdown_behavior": "stop",
            "instance_state": "running",
            "instance_type": "c6g.2xlarge",
            "ipv6_address_count": 0,
            "ipv6_addresses": [],
            "key_name": "smoke-BzP3aSw62HwEPFS-gitlab-ci",
            "launch_template": [],
            "metadata_options": [
              {
                "http_endpoint": "enabled",
                "http_put_response_hop_limit": 1,
                "http_tokens": "optional"
              }
            ],
            "monitoring": true,
            "network_interface": [],
            "outpost_arn": "",
            "password_data": "",
            "placement_group": "",
            "placement_partition_number": null,
            "primary_network_interface_id": "eni-06216f96b73bcf92d",
            "private_dns": "ip-10-0-101-105.us-east-2.compute.internal",
            "private_ip": "10.0.101.105",
            "public_dns": "",
            "public_ip": "3.144.237.6",
            "root_block_device": [
              {
                "delete_on_termination": true,
                "device_name": "/dev/xvda",
                "encrypted": false,
                "iops": 3000,
                "kms_key_id": "",
                "tags": null,
                "throughput": 125,
                "volume_id": "vol-070f8a9022e93f9ee",
                "volume_size": 20,
                "volume_type": "gp3"
              }
            ],
            "secondary_private_ips": [],
            "security_groups": [],
            "source_dest_check": true,
            "subnet_id": "subnet-066b4b922b54e51a2",
            "tags": {
              "Name": "smoke-BzP3aSw62HwEPFS-featurebase-ingest-0",
              "Prefix": "smoke-BzP3aSw62HwEPFS",
              "Role": "ingest_node"
            },
            "tags_all": {
              "Name": "smoke-BzP3aSw62HwEPFS-featurebase-ingest-0",
              "Prefix": "smoke-BzP3aSw62HwEPFS",
              "Role": "ingest_node"
            },
            "tenancy": "default",
            "timeouts": null,
            "user_data": null,
            "user_data_base64": null,
            "volume_tags": null,
            "vpc_security_group_ids": [
              "sg-062ddd221720047f4"
            ]
          },
          "sensitive_attributes": [],
          "private": "eyJlMmJmYjczMC1lY2FhLTExZTYtOGY4OC0zNDM2M2JjN2M0YzAiOnsiY3JlYXRlIjo2MDAwMDAwMDAwMDAsImRlbGV0ZSI6MTIwMDAwMDAwMDAwMCwidXBkYXRlIjo2MDAwMDAwMDAwMDB9LCJzY2hlbWFfdmVyc2lvbiI6IjEifQ==",
          "dependencies": [
            "module.ci-cluster.aws_iam_instance_profile.fb_cluster_node_profile",
            "module.ci-cluster.aws_iam_role.fb_cluster_node_role",
            "module.ci-cluster.aws_key_pair.gitlab-featurebase-ci",
            "module.ci-cluster.aws_security_group.ingest",
            "module.ci-cluster.data.aws_ami.amazon_linux_2"
          ]
        }
      ]
    },
    {
      "module": "module.ci-cluster",
      "mode": "managed",
      "type": "aws_key_pair",
      "name": "gitlab-featurebase-ci",
      "provider": "provider[\"registry.terraform.io/hashicorp/aws\"]",
      "instances": [
        {
          "schema_version": 1,
          "attributes": {
            "arn": "arn:aws:ec2:us-east-2:977373308795:key-pair/smoke-BzP3aSw62HwEPFS-gitlab-ci",
            "fingerprint": "69:e5:4b:15:8d:1f:22:61:de:08:a9:ee:f3:29:5c:69",
            "id": "smoke-BzP3aSw62HwEPFS-gitlab-ci",
            "key_name": "smoke-BzP3aSw62HwEPFS-gitlab-ci",
            "key_name_prefix": "",
            "key_pair_id": "key-01ca26b2795043890",
            "public_key": "ssh-rsa AAAAB3NzaC1yc2EAAAADAQABAAABAQC91hhpVHNonAG7ku2ugpxEskf9KHeyHJPQJT26OHrMUw7R+T5A8TjqSzTau07sXQ/E9SO3ebV8SJ5PqeaQOnQB8VEvVNK0DjQH7ppvNg1Rfs42FZT9ttzTMvOjsSbK3vZTHXdoKQEdC9NxBwSkFIRGQojK1HUOq9xGrw31fA1OjSwlpLcbx7yyg18lcqW6UOptnVR8U9Yy9qQ5jZF1HtkQ6L9J+gv4o1UyNAUK2bopeGiXpBc3PQ/CFaFT2h/aqLBP66qAHsHVyAFD3PIRtplC5EHa8jXDgLacEls0uF7Q3kRPxvzcuo4g4VkOn1rDy9qH3vd2hT3aKVnM73FIDUiL",
            "tags": null,
            "tags_all": {}
          },
          "sensitive_attributes": [],
          "private": "eyJzY2hlbWFfdmVyc2lvbiI6IjEifQ=="
        }
      ]
    },
    {
      "module": "module.ci-cluster",
      "mode": "managed",
      "type": "aws_security_group",
      "name": "featurebase",
      "provider": "provider[\"registry.terraform.io/hashicorp/aws\"]",
      "instances": [
        {
          "schema_version": 1,
          "attributes": {
            "arn": "arn:aws:ec2:us-east-2:977373308795:security-group/sg-06b14c4162509fb5f",
            "description": "Allow featurebase inbound traffic",
            "egress": [
              {
                "cidr_blocks": [
                  "0.0.0.0/0"
                ],
                "description": "",
                "from_port": 0,
                "ipv6_cidr_blocks": [
                  "::/0"
                ],
                "prefix_list_ids": [],
                "protocol": "-1",
                "security_groups": [],
                "self": false,
                "to_port": 0
              }
            ],
            "id": "sg-06b14c4162509fb5f",
            "ingress": [
              {
                "cidr_blocks": [
                  "0.0.0.0/0"
                ],
                "description": "SSH",
                "from_port": 22,
                "ipv6_cidr_blocks": [
                  "::/0"
                ],
                "prefix_list_ids": [],
                "protocol": "tcp",
                "security_groups": [],
                "self": false,
                "to_port": 22
              },
              {
                "cidr_blocks": [
                  "0.0.0.0/0"
                ],
                "description": "icmp from Anywhere",
                "from_port": -1,
                "ipv6_cidr_blocks": [],
                "prefix_list_ids": [],
                "protocol": "icmp",
                "security_groups": [],
                "self": false,
                "to_port": -1
              },
              {
                "cidr_blocks": [
                  "10.0.0.0/16"
                ],
                "description": "etcd from internal 2",
                "from_port": 10401,
                "ipv6_cidr_blocks": [],
                "prefix_list_ids": [],
                "protocol": "tcp",
                "security_groups": [],
                "self": false,
                "to_port": 10401
              },
              {
                "cidr_blocks": [
                  "10.0.0.0/16"
                ],
                "description": "etcd from internal",
                "from_port": 10301,
                "ipv6_cidr_blocks": [],
                "prefix_list_ids": [],
                "protocol": "tcp",
                "security_groups": [],
                "self": false,
                "to_port": 10301
              },
              {
                "cidr_blocks": [
                  "10.0.0.0/8",
                  "172.31.0.0/16"
                ],
                "description": "GRPC from Internal",
                "from_port": 20101,
                "ipv6_cidr_blocks": [],
                "prefix_list_ids": [],
                "protocol": "tcp",
                "security_groups": [],
                "self": false,
                "to_port": 20101
              },
              {
                "cidr_blocks": [
                  "10.0.0.0/8",
                  "172.31.0.0/16"
                ],
                "description": "HTTP from Internal",
                "from_port": 10101,
                "ipv6_cidr_blocks": [],
                "prefix_list_ids": [],
                "protocol": "tcp",
                "security_groups": [],
                "self": false,
                "to_port": 10101
              },
              {
                "cidr_blocks": [
                  "10.0.0.0/8",
                  "172.31.0.0/16"
                ],
                "description": "PostgreSQL from Internal",
                "from_port": 55432,
                "ipv6_cidr_blocks": [],
                "prefix_list_ids": [],
                "protocol": "tcp",
                "security_groups": [],
                "self": false,
                "to_port": 55432
              }
            ],
            "name": "smoke-BzP3aSw62HwEPFS-allow_featurebase",
            "name_prefix": "",
            "owner_id": "977373308795",
            "revoke_rules_on_delete": false,
            "tags": {
              "Name": "allow_featurebase"
            },
            "tags_all": {
              "Name": "allow_featurebase"
            },
            "timeouts": null,
            "vpc_id": "vpc-05a26a122f961dc2b"
          },
          "sensitive_attributes": [],
          "private": "eyJlMmJmYjczMC1lY2FhLTExZTYtOGY4OC0zNDM2M2JjN2M0YzAiOnsiY3JlYXRlIjo2MDAwMDAwMDAwMDAsImRlbGV0ZSI6OTAwMDAwMDAwMDAwfSwic2NoZW1hX3ZlcnNpb24iOiIxIn0="
        }
      ]
    },
    {
      "module": "module.ci-cluster",
      "mode": "managed",
      "type": "aws_security_group",
      "name": "ingest",
      "provider": "provider[\"registry.terraform.io/hashicorp/aws\"]",
      "instances": [
        {
          "schema_version": 1,
          "attributes": {
            "arn": "arn:aws:ec2:us-east-2:977373308795:security-group/sg-062ddd221720047f4",
            "description": "Allow ingest inbound traffic",
            "egress": [
              {
                "cidr_blocks": [
                  "0.0.0.0/0"
                ],
                "description": "",
                "from_port": 0,
                "ipv6_cidr_blocks": [
                  "::/0"
                ],
                "prefix_list_ids": [],
                "protocol": "-1",
                "security_groups": [],
                "self": false,
                "to_port": 0
              }
            ],
            "id": "sg-062ddd221720047f4",
            "ingress": [
              {
                "cidr_blocks": [
                  "0.0.0.0/0"
                ],
                "description": "",
                "from_port": 10101,
                "ipv6_cidr_blocks": [
                  "::/0"
                ],
                "prefix_list_ids": [],
                "protocol": "tcp",
                "security_groups": [],
                "self": false,
                "to_port": 10101
              },
              {
                "cidr_blocks": [
                  "0.0.0.0/0"
                ],
                "description": "SSH",
                "from_port": 22,
                "ipv6_cidr_blocks": [
                  "::/0"
                ],
                "prefix_list_ids": [],
                "protocol": "tcp",
                "security_groups": [],
                "self": false,
                "to_port": 22
              },
              {
                "cidr_blocks": [
                  "0.0.0.0/0"
                ],
                "description": "icmp from Anywhere",
                "from_port": -1,
                "ipv6_cidr_blocks": [],
                "prefix_list_ids": [],
                "protocol": "icmp",
                "security_groups": [],
                "self": false,
                "to_port": -1
              }
            ],
            "name": "smoke-BzP3aSw62HwEPFS-allow_ingest",
            "name_prefix": "",
            "owner_id": "977373308795",
            "revoke_rules_on_delete": false,
            "tags": {
              "Name": "allow_ingest"
            },
            "tags_all": {
              "Name": "allow_ingest"
            },
            "timeouts": null,
            "vpc_id": "vpc-05a26a122f961dc2b"
          },
          "sensitive_attributes": [],
          "private": "eyJlMmJmYjczMC1lY2FhLTExZTYtOGY4OC0zNDM2M2JjN2M0YzAiOnsiY3JlYXRlIjo2MDAwMDAwMDAwMDAsImRlbGV0ZSI6OTAwMDAwMDAwMDAwfSwic2NoZW1hX3ZlcnNpb24iOiIxIn0="
        }
      ]
    }
  ]
}
