{
  "version": 4,
  "terraform_version": "1.1.2",
  "serial": 85,
  "lineage": "febac4ac-400a-d207-d2d1-64c55f14767b",
  "outputs": {
    "cluster_prefix": {
      "value": "gauntlet-wFQOOzXB51R3ebr",
      "type": "string"
    },
    "data_node_ips": {
      "value": [
        "10.0.1.126",
        "10.0.2.53",
        "10.0.3.15"
      ],
      "type": [
        "tuple",
        [
          "string",
          "string",
          "string"
        ]
      ]
    },
    "fb_cluster_replica_count": {
      "value": 1,
      "type": "number"
    },
    "ingest_ips": {
      "value": [
        "13.59.231.222"
      ],
      "type": [
        "tuple",
        [
          "string"
        ]
      ]
    }
  },
  "resources": [
    {
      "module": "module.samsung-cluster",
      "mode": "data",
      "type": "aws_ami",
      "name": "amazon_linux_2",
      "provider": "provider[\"registry.terraform.io/hashicorp/aws\"]",
      "instances": [
        {
          "schema_version": 0,
          "attributes": {
            "architecture": "arm64",
            "arn": "arn:aws:ec2:us-east-2::image/ami-088e1f338c3b87d1a",
            "block_device_mappings": [
              {
                "device_name": "/dev/xvda",
                "ebs": {
                  "delete_on_termination": "true",
                  "encrypted": "false",
                  "iops": "0",
                  "snapshot_id": "snap-0f9ae89577e61b172",
                  "throughput": "0",
                  "volume_size": "8",
                  "volume_type": "gp2"
                },
                "no_device": "",
                "virtual_name": ""
              }
            ],
            "creation_date": "2022-01-05T21:55:03.000Z",
            "description": "Amazon Linux 2 LTS Arm64 AMI 2.0.20211223.0 arm64 HVM gp2",
            "ena_support": true,
            "executable_users": null,
            "filter": [
              {
                "name": "architecture",
                "values": [
                  "arm64"
                ]
              },
              {
                "name": "name",
                "values": [
                  "amzn2-ami-hvm-*"
                ]
              },
              {
                "name": "virtualization-type",
                "values": [
                  "hvm"
                ]
              }
            ],
            "hypervisor": "xen",
            "id": "ami-088e1f338c3b87d1a",
            "image_id": "ami-088e1f338c3b87d1a",
            "image_location": "amazon/amzn2-ami-hvm-2.0.20211223.0-arm64-gp2",
            "image_owner_alias": "amazon",
            "image_type": "machine",
            "kernel_id": null,
            "most_recent": true,
            "name": "amzn2-ami-hvm-2.0.20211223.0-arm64-gp2",
            "name_regex": null,
            "owner_id": "137112412989",
            "owners": [
              "amazon"
            ],
            "platform": null,
            "platform_details": "Linux/UNIX",
            "product_codes": [],
            "public": true,
            "ramdisk_id": null,
            "root_device_name": "/dev/xvda",
            "root_device_type": "ebs",
            "root_snapshot_id": "snap-0f9ae89577e61b172",
            "sriov_net_support": "simple",
            "state": "available",
            "state_reason": {
              "code": "UNSET",
              "message": "UNSET"
            },
            "tags": {},
            "usage_operation": "RunInstances",
            "virtualization_type": "hvm"
          },
          "sensitive_attributes": []
        }
      ]
    },
    {
      "module": "module.samsung-cluster",
      "mode": "managed",
      "type": "aws_iam_instance_profile",
      "name": "fb_cluster_node_profile",
      "provider": "provider[\"registry.terraform.io/hashicorp/aws\"]",
      "instances": [
        {
          "schema_version": 0,
          "attributes": {
            "arn": "arn:aws:iam::977373308795:instance-profile/gauntlet-wFQOOzXB51R3ebr-fb_cluster_node_profile",
            "create_date": "2022-01-10T19:49:14Z",
            "id": "gauntlet-wFQOOzXB51R3ebr-fb_cluster_node_profile",
            "name": "gauntlet-wFQOOzXB51R3ebr-fb_cluster_node_profile",
            "name_prefix": null,
            "path": "/",
            "role": "gauntlet-wFQOOzXB51R3ebr-fb_cluster_node",
            "tags": null,
            "tags_all": {},
            "unique_id": "AIPA6HD75E55QU3MSOJ6U"
          },
          "sensitive_attributes": [],
          "private": "bnVsbA==",
          "dependencies": [
            "module.samsung-cluster.aws_iam_role.fb_cluster_node_role"
          ]
        }
      ]
    },
    {
      "module": "module.samsung-cluster",
      "mode": "managed",
      "type": "aws_iam_role",
      "name": "fb_cluster_node_role",
      "provider": "provider[\"registry.terraform.io/hashicorp/aws\"]",
      "instances": [
        {
          "schema_version": 0,
          "attributes": {
            "arn": "arn:aws:iam::977373308795:role/gauntlet-wFQOOzXB51R3ebr-fb_cluster_node",
            "assume_role_policy": "{\"Version\":\"2012-10-17\",\"Statement\":[{\"Sid\":\"\",\"Effect\":\"Allow\",\"Principal\":{\"Service\":\"ec2.amazonaws.com\"},\"Action\":\"sts:AssumeRole\"}]}",
            "create_date": "2022-01-10T19:49:11Z",
            "description": "",
            "force_detach_policies": false,
            "id": "gauntlet-wFQOOzXB51R3ebr-fb_cluster_node",
            "inline_policy": [
              {
                "name": "ec2_read_all",
                "policy": "{\"Statement\":[{\"Action\":[\"ec2:Describe*\"],\"Effect\":\"Allow\",\"Resource\":\"*\"}],\"Version\":\"2012-10-17\"}"
              }
            ],
            "managed_policy_arns": [],
            "max_session_duration": 3600,
            "name": "gauntlet-wFQOOzXB51R3ebr-fb_cluster_node",
            "name_prefix": "",
            "path": "/",
            "permissions_boundary": null,
            "tags": null,
            "tags_all": {},
            "unique_id": "AROA6HD75E55VSTOHIPD7"
          },
          "sensitive_attributes": [],
          "private": "bnVsbA=="
        }
      ]
    },
    {
      "module": "module.samsung-cluster",
      "mode": "managed",
      "type": "aws_instance",
      "name": "fb_cluster_nodes",
      "provider": "provider[\"registry.terraform.io/hashicorp/aws\"]",
      "instances": [
        {
          "index_key": 0,
          "schema_version": 1,
          "attributes": {
            "ami": "ami-088e1f338c3b87d1a",
            "arn": "arn:aws:ec2:us-east-2:977373308795:instance/i-02dd4026474cd7bd2",
            "associate_public_ip_address": false,
            "availability_zone": "us-east-2a",
            "capacity_reservation_specification": [
              {
                "capacity_reservation_preference": "open",
                "capacity_reservation_target": []
              }
            ],
            "cpu_core_count": 4,
            "cpu_threads_per_core": 1,
            "credit_specification": [],
            "disable_api_termination": false,
            "ebs_block_device": [
              {
                "delete_on_termination": true,
                "device_name": "/dev/sdb",
                "encrypted": false,
                "iops": 10000,
                "kms_key_id": "",
                "snapshot_id": "",
                "tags": {},
                "throughput": 125,
                "volume_id": "vol-03c5743e3f610783c",
                "volume_size": 100,
                "volume_type": "gp3"
              }
            ],
            "ebs_optimized": false,
            "enclave_options": [
              {
                "enabled": false
              }
            ],
            "ephemeral_block_device": [],
            "get_password_data": false,
            "hibernation": false,
            "host_id": null,
            "iam_instance_profile": "gauntlet-wFQOOzXB51R3ebr-fb_cluster_node_profile",
            "id": "i-02dd4026474cd7bd2",
            "instance_initiated_shutdown_behavior": "stop",
            "instance_state": "running",
            "instance_type": "m6g.xlarge",
            "ipv6_address_count": 0,
            "ipv6_addresses": [],
            "key_name": "gauntlet-wFQOOzXB51R3ebr-gitlab-ci",
            "launch_template": [],
            "metadata_options": [
              {
                "http_endpoint": "enabled",
                "http_put_response_hop_limit": 1,
                "http_tokens": "optional"
              }
            ],
            "monitoring": true,
            "network_interface": [],
            "outpost_arn": "",
            "password_data": "",
            "placement_group": "",
            "placement_partition_number": null,
            "primary_network_interface_id": "eni-0120997558c61093e",
            "private_dns": "ip-10-0-1-126.us-east-2.compute.internal",
            "private_ip": "10.0.1.126",
            "public_dns": "",
            "public_ip": "",
            "root_block_device": [
              {
                "delete_on_termination": true,
                "device_name": "/dev/xvda",
                "encrypted": false,
                "iops": 3000,
                "kms_key_id": "",
                "tags": null,
                "throughput": 125,
                "volume_id": "vol-06b2a1b78f6264c4d",
                "volume_size": 20,
                "volume_type": "gp3"
              }
            ],
            "secondary_private_ips": [],
            "security_groups": [],
            "source_dest_check": true,
            "subnet_id": "subnet-050b1219d78f2db1b",
            "tags": {
              "Name": "gauntlet-wFQOOzXB51R3ebr-featurebase-cluster-0",
              "Prefix": "gauntlet-wFQOOzXB51R3ebr",
              "Role": "cluster_node"
            },
            "tags_all": {
              "Name": "gauntlet-wFQOOzXB51R3ebr-featurebase-cluster-0",
              "Prefix": "gauntlet-wFQOOzXB51R3ebr",
              "Role": "cluster_node"
            },
            "tenancy": "default",
            "timeouts": null,
            "user_data": null,
            "user_data_base64": null,
            "volume_tags": null,
            "vpc_security_group_ids": [
              "sg-029350ea6d628a8b7"
            ]
          },
          "sensitive_attributes": [],
          "private": "eyJlMmJmYjczMC1lY2FhLTExZTYtOGY4OC0zNDM2M2JjN2M0YzAiOnsiY3JlYXRlIjo2MDAwMDAwMDAwMDAsImRlbGV0ZSI6MTIwMDAwMDAwMDAwMCwidXBkYXRlIjo2MDAwMDAwMDAwMDB9LCJzY2hlbWFfdmVyc2lvbiI6IjEifQ==",
          "dependencies": [
            "module.samsung-cluster.aws_iam_instance_profile.fb_cluster_node_profile",
            "module.samsung-cluster.aws_iam_role.fb_cluster_node_role",
            "module.samsung-cluster.aws_key_pair.gitlab-featurebase-ci",
            "module.samsung-cluster.aws_security_group.featurebase",
            "module.samsung-cluster.data.aws_ami.amazon_linux_2"
          ]
        },
        {
          "index_key": 1,
          "schema_version": 1,
          "attributes": {
            "ami": "ami-088e1f338c3b87d1a",
            "arn": "arn:aws:ec2:us-east-2:977373308795:instance/i-05512fdf5b06be3cd",
            "associate_public_ip_address": false,
            "availability_zone": "us-east-2b",
            "capacity_reservation_specification": [
              {
                "capacity_reservation_preference": "open",
                "capacity_reservation_target": []
              }
            ],
            "cpu_core_count": 4,
            "cpu_threads_per_core": 1,
            "credit_specification": [],
            "disable_api_termination": false,
            "ebs_block_device": [
              {
                "delete_on_termination": true,
                "device_name": "/dev/sdb",
                "encrypted": false,
                "iops": 10000,
                "kms_key_id": "",
                "snapshot_id": "",
                "tags": {},
                "throughput": 125,
                "volume_id": "vol-03c4fbc66f16dd900",
                "volume_size": 100,
                "volume_type": "gp3"
              }
            ],
            "ebs_optimized": false,
            "enclave_options": [
              {
                "enabled": false
              }
            ],
            "ephemeral_block_device": [],
            "get_password_data": false,
            "hibernation": false,
            "host_id": null,
            "iam_instance_profile": "gauntlet-wFQOOzXB51R3ebr-fb_cluster_node_profile",
            "id": "i-05512fdf5b06be3cd",
            "instance_initiated_shutdown_behavior": "stop",
            "instance_state": "running",
            "instance_type": "m6g.xlarge",
            "ipv6_address_count": 0,
            "ipv6_addresses": [],
            "key_name": "gauntlet-wFQOOzXB51R3ebr-gitlab-ci",
            "launch_template": [],
            "metadata_options": [
              {
                "http_endpoint": "enabled",
                "http_put_response_hop_limit": 1,
                "http_tokens": "optional"
              }
            ],
            "monitoring": true,
            "network_interface": [],
            "outpost_arn": "",
            "password_data": "",
            "placement_group": "",
            "placement_partition_number": null,
            "primary_network_interface_id": "eni-058dc3caa2e9f1468",
            "private_dns": "ip-10-0-2-53.us-east-2.compute.internal",
            "private_ip": "10.0.2.53",
            "public_dns": "",
            "public_ip": "",
            "root_block_device": [
              {
                "delete_on_termination": true,
                "device_name": "/dev/xvda",
                "encrypted": false,
                "iops": 3000,
                "kms_key_id": "",
                "tags": null,
                "throughput": 125,
                "volume_id": "vol-031baade3831d550d",
                "volume_size": 20,
                "volume_type": "gp3"
              }
            ],
            "secondary_private_ips": [],
            "security_groups": [],
            "source_dest_check": true,
            "subnet_id": "subnet-0d623c769e086e46e",
            "tags": {
              "Name": "gauntlet-wFQOOzXB51R3ebr-featurebase-cluster-1",
              "Prefix": "gauntlet-wFQOOzXB51R3ebr",
              "Role": "cluster_node"
            },
            "tags_all": {
              "Name": "gauntlet-wFQOOzXB51R3ebr-featurebase-cluster-1",
              "Prefix": "gauntlet-wFQOOzXB51R3ebr",
              "Role": "cluster_node"
            },
            "tenancy": "default",
            "timeouts": null,
            "user_data": null,
            "user_data_base64": null,
            "volume_tags": null,
            "vpc_security_group_ids": [
              "sg-029350ea6d628a8b7"
            ]
          },
          "sensitive_attributes": [],
          "private": "eyJlMmJmYjczMC1lY2FhLTExZTYtOGY4OC0zNDM2M2JjN2M0YzAiOnsiY3JlYXRlIjo2MDAwMDAwMDAwMDAsImRlbGV0ZSI6MTIwMDAwMDAwMDAwMCwidXBkYXRlIjo2MDAwMDAwMDAwMDB9LCJzY2hlbWFfdmVyc2lvbiI6IjEifQ==",
          "dependencies": [
            "module.samsung-cluster.aws_iam_instance_profile.fb_cluster_node_profile",
            "module.samsung-cluster.aws_iam_role.fb_cluster_node_role",
            "module.samsung-cluster.aws_key_pair.gitlab-featurebase-ci",
            "module.samsung-cluster.aws_security_group.featurebase",
            "module.samsung-cluster.data.aws_ami.amazon_linux_2"
          ]
        },
        {
          "index_key": 2,
          "schema_version": 1,
          "attributes": {
            "ami": "ami-088e1f338c3b87d1a",
            "arn": "arn:aws:ec2:us-east-2:977373308795:instance/i-0419c1e88127c9f10",
            "associate_public_ip_address": false,
            "availability_zone": "us-east-2c",
            "capacity_reservation_specification": [
              {
                "capacity_reservation_preference": "open",
                "capacity_reservation_target": []
              }
            ],
            "cpu_core_count": 4,
            "cpu_threads_per_core": 1,
            "credit_specification": [],
            "disable_api_termination": false,
            "ebs_block_device": [
              {
                "delete_on_termination": true,
                "device_name": "/dev/sdb",
                "encrypted": false,
                "iops": 10000,
                "kms_key_id": "",
                "snapshot_id": "",
                "tags": {},
                "throughput": 125,
                "volume_id": "vol-0bb728053ae788784",
                "volume_size": 100,
                "volume_type": "gp3"
              }
            ],
            "ebs_optimized": false,
            "enclave_options": [
              {
                "enabled": false
              }
            ],
            "ephemeral_block_device": [],
            "get_password_data": false,
            "hibernation": false,
            "host_id": null,
            "iam_instance_profile": "gauntlet-wFQOOzXB51R3ebr-fb_cluster_node_profile",
            "id": "i-0419c1e88127c9f10",
            "instance_initiated_shutdown_behavior": "stop",
            "instance_state": "running",
            "instance_type": "m6g.xlarge",
            "ipv6_address_count": 0,
            "ipv6_addresses": [],
            "key_name": "gauntlet-wFQOOzXB51R3ebr-gitlab-ci",
            "launch_template": [],
            "metadata_options": [
              {
                "http_endpoint": "enabled",
                "http_put_response_hop_limit": 1,
                "http_tokens": "optional"
              }
            ],
            "monitoring": true,
            "network_interface": [],
            "outpost_arn": "",
            "password_data": "",
            "placement_group": "",
            "placement_partition_number": null,
            "primary_network_interface_id": "eni-01e566cbb9b7c3900",
            "private_dns": "ip-10-0-3-15.us-east-2.compute.internal",
            "private_ip": "10.0.3.15",
            "public_dns": "",
            "public_ip": "",
            "root_block_device": [
              {
                "delete_on_termination": true,
                "device_name": "/dev/xvda",
                "encrypted": false,
                "iops": 3000,
                "kms_key_id": "",
                "tags": null,
                "throughput": 125,
                "volume_id": "vol-07b5aa90375034d8c",
                "volume_size": 20,
                "volume_type": "gp3"
              }
            ],
            "secondary_private_ips": [],
            "security_groups": [],
            "source_dest_check": true,
            "subnet_id": "subnet-07155281789c6d33b",
            "tags": {
              "Name": "gauntlet-wFQOOzXB51R3ebr-featurebase-cluster-2",
              "Prefix": "gauntlet-wFQOOzXB51R3ebr",
              "Role": "cluster_node"
            },
            "tags_all": {
              "Name": "gauntlet-wFQOOzXB51R3ebr-featurebase-cluster-2",
              "Prefix": "gauntlet-wFQOOzXB51R3ebr",
              "Role": "cluster_node"
            },
            "tenancy": "default",
            "timeouts": null,
            "user_data": null,
            "user_data_base64": null,
            "volume_tags": null,
            "vpc_security_group_ids": [
              "sg-029350ea6d628a8b7"
            ]
          },
          "sensitive_attributes": [],
          "private": "eyJlMmJmYjczMC1lY2FhLTExZTYtOGY4OC0zNDM2M2JjN2M0YzAiOnsiY3JlYXRlIjo2MDAwMDAwMDAwMDAsImRlbGV0ZSI6MTIwMDAwMDAwMDAwMCwidXBkYXRlIjo2MDAwMDAwMDAwMDB9LCJzY2hlbWFfdmVyc2lvbiI6IjEifQ==",
          "dependencies": [
            "module.samsung-cluster.aws_iam_instance_profile.fb_cluster_node_profile",
            "module.samsung-cluster.aws_iam_role.fb_cluster_node_role",
            "module.samsung-cluster.aws_key_pair.gitlab-featurebase-ci",
            "module.samsung-cluster.aws_security_group.featurebase",
            "module.samsung-cluster.data.aws_ami.amazon_linux_2"
          ]
        }
      ]
    },
    {
      "module": "module.samsung-cluster",
      "mode": "managed",
      "type": "aws_instance",
      "name": "fb_ingest",
      "provider": "provider[\"registry.terraform.io/hashicorp/aws\"]",
      "instances": [
        {
          "index_key": 0,
          "schema_version": 1,
          "attributes": {
            "ami": "ami-088e1f338c3b87d1a",
            "arn": "arn:aws:ec2:us-east-2:977373308795:instance/i-021d8144e6c7c519f",
            "associate_public_ip_address": true,
            "availability_zone": "us-east-2a",
            "capacity_reservation_specification": [
              {
                "capacity_reservation_preference": "open",
                "capacity_reservation_target": []
              }
            ],
            "cpu_core_count": 2,
            "cpu_threads_per_core": 1,
            "credit_specification": [],
            "disable_api_termination": false,
            "ebs_block_device": [
              {
                "delete_on_termination": true,
                "device_name": "/dev/sdb",
                "encrypted": false,
                "iops": 10000,
                "kms_key_id": "",
                "snapshot_id": "",
                "tags": {},
                "throughput": 125,
                "volume_id": "vol-0a3a332ca01d6b706",
                "volume_size": 100,
                "volume_type": "gp3"
              }
            ],
            "ebs_optimized": false,
            "enclave_options": [
              {
                "enabled": false
              }
            ],
            "ephemeral_block_device": [],
            "get_password_data": false,
            "hibernation": false,
            "host_id": null,
            "iam_instance_profile": "gauntlet-wFQOOzXB51R3ebr-fb_cluster_node_profile",
            "id": "i-021d8144e6c7c519f",
            "instance_initiated_shutdown_behavior": "stop",
            "instance_state": "running",
            "instance_type": "m6g.large",
            "ipv6_address_count": 0,
            "ipv6_addresses": [],
            "key_name": "gauntlet-wFQOOzXB51R3ebr-gitlab-ci",
            "launch_template": [],
            "metadata_options": [
              {
                "http_endpoint": "enabled",
                "http_put_response_hop_limit": 1,
                "http_tokens": "optional"
              }
            ],
            "monitoring": true,
            "network_interface": [],
            "outpost_arn": "",
            "password_data": "",
            "placement_group": "",
            "placement_partition_number": null,
            "primary_network_interface_id": "eni-05417a5a74984b658",
            "private_dns": "ip-10-0-101-34.us-east-2.compute.internal",
            "private_ip": "10.0.101.34",
            "public_dns": "",
            "public_ip": "13.59.231.222",
            "root_block_device": [
              {
                "delete_on_termination": true,
                "device_name": "/dev/xvda",
                "encrypted": false,
                "iops": 3000,
                "kms_key_id": "",
                "tags": null,
                "throughput": 125,
                "volume_id": "vol-055425b9087c74984",
                "volume_size": 20,
                "volume_type": "gp3"
              }
            ],
            "secondary_private_ips": [],
            "security_groups": [],
            "source_dest_check": true,
            "subnet_id": "subnet-066b4b922b54e51a2",
            "tags": {
              "Name": "gauntlet-wFQOOzXB51R3ebr-featurebase-ingest-0",
              "Prefix": "gauntlet-wFQOOzXB51R3ebr",
              "Role": "ingest_node"
            },
            "tags_all": {
              "Name": "gauntlet-wFQOOzXB51R3ebr-featurebase-ingest-0",
              "Prefix": "gauntlet-wFQOOzXB51R3ebr",
              "Role": "ingest_node"
            },
            "tenancy": "default",
            "timeouts": null,
            "user_data": null,
            "user_data_base64": null,
            "volume_tags": null,
            "vpc_security_group_ids": [
              "sg-0a66d187ba05935ce"
            ]
          },
          "sensitive_attributes": [],
          "private": "eyJlMmJmYjczMC1lY2FhLTExZTYtOGY4OC0zNDM2M2JjN2M0YzAiOnsiY3JlYXRlIjo2MDAwMDAwMDAwMDAsImRlbGV0ZSI6MTIwMDAwMDAwMDAwMCwidXBkYXRlIjo2MDAwMDAwMDAwMDB9LCJzY2hlbWFfdmVyc2lvbiI6IjEifQ==",
          "dependencies": [
            "module.samsung-cluster.aws_iam_instance_profile.fb_cluster_node_profile",
            "module.samsung-cluster.aws_iam_role.fb_cluster_node_role",
            "module.samsung-cluster.aws_key_pair.gitlab-featurebase-ci",
            "module.samsung-cluster.aws_security_group.ingest",
            "module.samsung-cluster.data.aws_ami.amazon_linux_2"
          ]
        }
      ]
    },
    {
      "module": "module.samsung-cluster",
      "mode": "managed",
      "type": "aws_key_pair",
      "name": "gitlab-featurebase-ci",
      "provider": "provider[\"registry.terraform.io/hashicorp/aws\"]",
      "instances": [
        {
          "schema_version": 1,
          "attributes": {
            "arn": "arn:aws:ec2:us-east-2:977373308795:key-pair/gauntlet-wFQOOzXB51R3ebr-gitlab-ci",
            "fingerprint": "69:e5:4b:15:8d:1f:22:61:de:08:a9:ee:f3:29:5c:69",
            "id": "gauntlet-wFQOOzXB51R3ebr-gitlab-ci",
            "key_name": "gauntlet-wFQOOzXB51R3ebr-gitlab-ci",
            "key_name_prefix": "",
            "key_pair_id": "key-03d84801e3ffaeec7",
            "public_key": "ssh-rsa AAAAB3NzaC1yc2EAAAADAQABAAABAQC91hhpVHNonAG7ku2ugpxEskf9KHeyHJPQJT26OHrMUw7R+T5A8TjqSzTau07sXQ/E9SO3ebV8SJ5PqeaQOnQB8VEvVNK0DjQH7ppvNg1Rfs42FZT9ttzTMvOjsSbK3vZTHXdoKQEdC9NxBwSkFIRGQojK1HUOq9xGrw31fA1OjSwlpLcbx7yyg18lcqW6UOptnVR8U9Yy9qQ5jZF1HtkQ6L9J+gv4o1UyNAUK2bopeGiXpBc3PQ/CFaFT2h/aqLBP66qAHsHVyAFD3PIRtplC5EHa8jXDgLacEls0uF7Q3kRPxvzcuo4g4VkOn1rDy9qH3vd2hT3aKVnM73FIDUiL",
            "tags": null,
            "tags_all": {}
          },
          "sensitive_attributes": [],
          "private": "eyJzY2hlbWFfdmVyc2lvbiI6IjEifQ=="
        }
      ]
    },
    {
      "module": "module.samsung-cluster",
      "mode": "managed",
      "type": "aws_security_group",
      "name": "featurebase",
      "provider": "provider[\"registry.terraform.io/hashicorp/aws\"]",
      "instances": [
        {
          "schema_version": 1,
          "attributes": {
            "arn": "arn:aws:ec2:us-east-2:977373308795:security-group/sg-029350ea6d628a8b7",
            "description": "Allow featurebase inbound traffic",
            "egress": [
              {
                "cidr_blocks": [
                  "0.0.0.0/0"
                ],
                "description": "",
                "from_port": 0,
                "ipv6_cidr_blocks": [
                  "::/0"
                ],
                "prefix_list_ids": [],
                "protocol": "-1",
                "security_groups": [],
                "self": false,
                "to_port": 0
              }
            ],
            "id": "sg-029350ea6d628a8b7",
            "ingress": [
              {
                "cidr_blocks": [
                  "0.0.0.0/0"
                ],
                "description": "SSH",
                "from_port": 22,
                "ipv6_cidr_blocks": [
                  "::/0"
                ],
                "prefix_list_ids": [],
                "protocol": "tcp",
                "security_groups": [],
                "self": false,
                "to_port": 22
              },
              {
                "cidr_blocks": [
                  "0.0.0.0/0"
                ],
                "description": "icmp from Anywhere",
                "from_port": -1,
                "ipv6_cidr_blocks": [],
                "prefix_list_ids": [],
                "protocol": "icmp",
                "security_groups": [],
                "self": false,
                "to_port": -1
              },
              {
                "cidr_blocks": [
                  "10.0.0.0/16"
                ],
                "description": "etcd from internal 2",
                "from_port": 10401,
                "ipv6_cidr_blocks": [],
                "prefix_list_ids": [],
                "protocol": "tcp",
                "security_groups": [],
                "self": false,
                "to_port": 10401
              },
              {
                "cidr_blocks": [
                  "10.0.0.0/16"
                ],
                "description": "etcd from internal",
                "from_port": 10301,
                "ipv6_cidr_blocks": [],
                "prefix_list_ids": [],
                "protocol": "tcp",
                "security_groups": [],
                "self": false,
                "to_port": 10301
              },
              {
                "cidr_blocks": [
                  "10.0.0.0/8",
                  "172.31.0.0/16"
                ],
                "description": "GRPC from Internal",
                "from_port": 20101,
                "ipv6_cidr_blocks": [],
                "prefix_list_ids": [],
                "protocol": "tcp",
                "security_groups": [],
                "self": false,
                "to_port": 20101
              },
              {
                "cidr_blocks": [
                  "10.0.0.0/8",
                  "172.31.0.0/16"
                ],
                "description": "HTTP from Internal",
                "from_port": 10101,
                "ipv6_cidr_blocks": [],
                "prefix_list_ids": [],
                "protocol": "tcp",
                "security_groups": [],
                "self": false,
                "to_port": 10101
              },
              {
                "cidr_blocks": [
                  "10.0.0.0/8",
                  "172.31.0.0/16"
                ],
                "description": "PostgreSQL from Internal",
                "from_port": 55432,
                "ipv6_cidr_blocks": [],
                "prefix_list_ids": [],
                "protocol": "tcp",
                "security_groups": [],
                "self": false,
                "to_port": 55432
              }
            ],
            "name": "gauntlet-wFQOOzXB51R3ebr-allow_featurebase",
            "name_prefix": "",
            "owner_id": "977373308795",
            "revoke_rules_on_delete": false,
            "tags": {
              "Name": "allow_featurebase"
            },
            "tags_all": {
              "Name": "allow_featurebase"
            },
            "timeouts": null,
            "vpc_id": "vpc-05a26a122f961dc2b"
          },
          "sensitive_attributes": [],
          "private": "eyJlMmJmYjczMC1lY2FhLTExZTYtOGY4OC0zNDM2M2JjN2M0YzAiOnsiY3JlYXRlIjo2MDAwMDAwMDAwMDAsImRlbGV0ZSI6OTAwMDAwMDAwMDAwfSwic2NoZW1hX3ZlcnNpb24iOiIxIn0="
        }
      ]
    },
    {
      "module": "module.samsung-cluster",
      "mode": "managed",
      "type": "aws_security_group",
      "name": "ingest",
      "provider": "provider[\"registry.terraform.io/hashicorp/aws\"]",
      "instances": [
        {
          "schema_version": 1,
          "attributes": {
            "arn": "arn:aws:ec2:us-east-2:977373308795:security-group/sg-0a66d187ba05935ce",
            "description": "Allow ingest inbound traffic",
            "egress": [
              {
                "cidr_blocks": [
                  "0.0.0.0/0"
                ],
                "description": "",
                "from_port": 0,
                "ipv6_cidr_blocks": [
                  "::/0"
                ],
                "prefix_list_ids": [],
                "protocol": "-1",
                "security_groups": [],
                "self": false,
                "to_port": 0
              }
            ],
            "id": "sg-0a66d187ba05935ce",
            "ingress": [
              {
                "cidr_blocks": [
                  "0.0.0.0/0"
                ],
                "description": "",
                "from_port": 10101,
                "ipv6_cidr_blocks": [
                  "::/0"
                ],
                "prefix_list_ids": [],
                "protocol": "tcp",
                "security_groups": [],
                "self": false,
                "to_port": 10101
              },
              {
                "cidr_blocks": [
                  "0.0.0.0/0"
                ],
                "description": "SSH",
                "from_port": 22,
                "ipv6_cidr_blocks": [
                  "::/0"
                ],
                "prefix_list_ids": [],
                "protocol": "tcp",
                "security_groups": [],
                "self": false,
                "to_port": 22
              },
              {
                "cidr_blocks": [
                  "0.0.0.0/0"
                ],
                "description": "icmp from Anywhere",
                "from_port": -1,
                "ipv6_cidr_blocks": [],
                "prefix_list_ids": [],
                "protocol": "icmp",
                "security_groups": [],
                "self": false,
                "to_port": -1
              }
            ],
            "name": "gauntlet-wFQOOzXB51R3ebr-allow_ingest",
            "name_prefix": "",
            "owner_id": "977373308795",
            "revoke_rules_on_delete": false,
            "tags": {
              "Name": "allow_ingest"
            },
            "tags_all": {
              "Name": "allow_ingest"
            },
            "timeouts": null,
            "vpc_id": "vpc-05a26a122f961dc2b"
          },
          "sensitive_attributes": [],
          "private": "eyJlMmJmYjczMC1lY2FhLTExZTYtOGY4OC0zNDM2M2JjN2M0YzAiOnsiY3JlYXRlIjo2MDAwMDAwMDAwMDAsImRlbGV0ZSI6OTAwMDAwMDAwMDAwfSwic2NoZW1hX3ZlcnNpb24iOiIxIn0="
        }
      ]
    }
  ]
}
